# THIS IS AN AUTOGENERATED FILE. DO NOT EDIT THIS FILE DIRECTLY.
# yarn lockfile v1


"@companion-module/base@^1.12.0 || ^2.0.0", "@companion-module/base@~1.14.1":
  version "1.14.1"
  dependencies:
    ajv "^8.17.1"
    colord "^2.9.3"
    ejson "^2.2.3"
    eventemitter3 "^5.0.1"
    mimic-fn "^3.1.0"
    nanoid "^3.3.11"
    p-queue "^6.6.2"
    p-timeout "^4.1.0"
    tslib "^2.8.1"

"@companion-module/tools@^2.6.1":
  version "2.7.1"
  dependencies:
    "@eslint/js" "^9.39.3"
    eslint-config-prettier "^10.1.8"
    eslint-plugin-n "^17.24.0"
    eslint-plugin-prettier "^5.5.5"
    find-up "^7.0.0"
    parse-author "^2.0.0"
    semver "^7.7.4"
    tar "^7.5.9"
    webpack "^5.105.2"
    webpack-cli "^6.0.1"
    zx "^8.8.5"

"@discoveryjs/json-ext@^0.6.1":
  version "0.6.3"

"@eslint-community/eslint-utils@^4.1.2", "@eslint-community/eslint-utils@^4.5.0", "@eslint-community/eslint-utils@^4.8.0", "@eslint-community/eslint-utils@^4.9.1":
  version "4.9.1"
  dependencies:
    eslint-visitor-keys "^3.4.3"

"@eslint-community/regexpp@^4.11.0", "@eslint-community/regexpp@^4.12.1", "@eslint-community/regexpp@^4.12.2":
  version "4.12.2"

"@eslint/config-array@^0.21.2":
  version "0.21.2"
  dependencies:
    "@eslint/object-schema" "^2.1.7"
    debug "^4.3.1"
    minimatch "^3.1.5"

"@eslint/config-helpers@^0.4.2":
  version "0.4.2"
  dependencies:
    "@eslint/core" "^0.17.0"

"@eslint/core@^0.17.0":
  version "0.17.0"
  dependencies:
    "@types/json-schema" "^7.0.15"

"@eslint/eslintrc@^3.3.5":
  version "3.3.5"
  dependencies:
    ajv "^6.14.0"
    debug "^4.3.2"
    espree "^10.0.1"
    globals "^14.0.0"
    ignore "^5.2.0"
    import-fresh "^3.2.1"
    js-yaml "^4.1.1"
    minimatch "^3.1.5"
    strip-json-comments "^3.1.1"

"@eslint/js@^9.39.3", "@eslint/js@9.39.4":
  version "9.39.4"

"@eslint/object-schema@^2.1.7":
  version "2.1.7"

"@eslint/plugin-kit@^0.4.1":
  version "0.4.1"
  dependencies:
    "@eslint/core" "^0.17.0"
    levn "^0.4.1"

"@humanfs/core@^0.19.1":
  version "0.19.1"

"@humanfs/node@^0.16.6":
  version "0.16.7"
  dependencies:
    "@humanfs/core" "^0.19.1"
    "@humanwhocodes/retry" "^0.4.0"

"@humanwhocodes/module-importer@^1.0.1":
  version "1.0.1"

"@humanwhocodes/retry@^0.4.0", "@humanwhocodes/retry@^0.4.2":
  version "0.4.3"

"@isaacs/fs-minipass@^4.0.0":
  version "4.0.1"
  dependencies:
    minipass "^7.0.4"

"@jridgewell/gen-mapping@^0.3.5":
  version "0.3.13"
  dependencies:
    "@jridgewell/sourcemap-codec" "^1.5.0"
    "@jridgewell/trace-mapping" "^0.3.24"

"@jridgewell/resolve-uri@^3.1.0":
  version "3.1.2"

"@jridgewell/source-map@^0.3.3":
  version "0.3.11"
  dependencies:
    "@jridgewell/gen-mapping" "^0.3.5"
    "@jridgewell/trace-mapping" "^0.3.25"

"@jridgewell/sourcemap-codec@^1.4.14", "@jridgewell/sourcemap-codec@^1.5.0":
  version "1.5.5"

"@jridgewell/trace-mapping@^0.3.24", "@jridgewell/trace-mapping@^0.3.25":
  version "0.3.31"
  dependencies:
    "@jridgewell/resolve-uri" "^3.1.0"
    "@jridgewell/sourcemap-codec" "^1.4.14"

"@pkgr/core@^0.2.9":
  version "0.2.9"

"@serialport/binding-mock@10.2.2":
  version "10.2.2"
  dependencies:
    "@serialport/bindings-interface" "^1.2.1"
    debug "^4.3.3"

"@serialport/bindings-cpp@12.0.1":
  version "12.0.1"
  dependencies:
    "@serialport/bindings-interface" "1.2.2"
    "@serialport/parser-readline" "11.0.0"
    debug "4.3.4"
    node-addon-api "7.0.0"
    node-gyp-build "4.6.0"

"@serialport/bindings-interface@^1.2.1", "@serialport/bindings-interface@1.2.2":
  version "1.2.2"

"@serialport/parser-byte-length@12.0.0":
  version "12.0.0"

"@serialport/parser-cctalk@12.0.0":
  version "12.0.0"

"@serialport/parser-delimiter@11.0.0":
  version "11.0.0"

"@serialport/parser-delimiter@12.0.0":
  version "12.0.0"

"@serialport/parser-inter-byte-timeout@12.0.0":
  version "12.0.0"

"@serialport/parser-packet-length@12.0.0":
  version "12.0.0"

"@serialport/parser-readline@11.0.0":
  version "11.0.0"
  dependencies:
    "@serialport/parser-delimiter" "11.0.0"

"@serialport/parser-readline@12.0.0":
  version "12.0.0"
  dependencies:
    "@serialport/parser-delimiter" "12.0.0"

"@serialport/parser-ready@12.0.0":
  version "12.0.0"

"@serialport/parser-regex@12.0.0":
  version "12.0.0"

"@serialport/parser-slip-encoder@12.0.0":
  version "12.0.0"

"@serialport/parser-spacepacket@12.0.0":
  version "12.0.0"

"@serialport/stream@12.0.0":
  version "12.0.0"
  dependencies:
    "@serialport/bindings-interface" "1.2.2"
    debug "4.3.4"

"@types/eslint-scope@^3.7.7":
  version "3.7.7"
  dependencies:
    "@types/eslint" "*"
    "@types/estree" "*"

"@types/eslint@*", "@types/eslint@>=8.0.0":
  version "9.6.1"
  dependencies:
    "@types/estree" "*"
    "@types/json-schema" "*"

"@types/estree@*", "@types/estree@^1.0.6", "@types/estree@^1.0.8":
  version "1.0.8"

"@types/json-schema@*", "@types/json-schema@^7.0.15", "@types/json-schema@^7.0.9":
  version "7.0.15"

"@types/node@*":
  version "25.5.0"
  dependencies:
    undici-types "~7.18.0"

"@types/node@^22.19.3":
  version "22.19.15"
  dependencies:
    undici-types "~6.21.0"

"@typescript-eslint/eslint-plugin@8.57.0":
  version "8.57.0"
  dependencies:
    "@eslint-community/regexpp" "^4.12.2"
    "@typescript-eslint/scope-manager" "8.57.0"
    "@typescript-eslint/type-utils" "8.57.0"
    "@typescript-eslint/utils" "8.57.0"
    "@typescript-eslint/visitor-keys" "8.57.0"
    ignore "^7.0.5"
    natural-compare "^1.4.0"
    ts-api-utils "^2.4.0"

"@typescript-eslint/parser@^8.57.0", "@typescript-eslint/parser@8.57.0":
  version "8.57.0"
  dependencies:
    "@typescript-eslint/scope-manager" "8.57.0"
    "@typescript-eslint/types" "8.57.0"
    "@typescript-eslint/typescript-estree" "8.57.0"
    "@typescript-eslint/visitor-keys" "8.57.0"
    debug "^4.4.3"

"@typescript-eslint/project-service@8.57.0":
  version "8.57.0"
  dependencies:
    "@typescript-eslint/tsconfig-utils" "^8.57.0"
    "@typescript-eslint/types" "^8.57.0"
    debug "^4.4.3"

"@typescript-eslint/scope-manager@8.57.0":
  version "8.57.0"
  dependencies:
    "@typescript-eslint/types" "8.57.0"
    "@typescript-eslint/visitor-keys" "8.57.0"

"@typescript-eslint/tsconfig-utils@^8.57.0", "@typescript-eslint/tsconfig-utils@8.57.0":
  version "8.57.0"

"@typescript-eslint/type-utils@8.57.0":
  version "8.57.0"
  dependencies:
    "@typescript-eslint/types" "8.57.0"
    "@typescript-eslint/typescript-estree" "8.57.0"
    "@typescript-eslint/utils" "8.57.0"
    debug "^4.4.3"
    ts-api-utils "^2.4.0"

"@typescript-eslint/types@^8.57.0", "@typescript-eslint/types@8.57.0":
  version "8.57.0"

"@typescript-eslint/typescript-estree@8.57.0":
  version "8.57.0"
  dependencies:
    "@typescript-eslint/project-service" "8.57.0"
    "@typescript-eslint/tsconfig-utils" "8.57.0"
    "@typescript-eslint/types" "8.57.0"
    "@typescript-eslint/visitor-keys" "8.57.0"
    debug "^4.4.3"
    minimatch "^10.2.2"
    semver "^7.7.3"
    tinyglobby "^0.2.15"
    ts-api-utils "^2.4.0"

"@typescript-eslint/utils@8.57.0":
  version "8.57.0"
  dependencies:
    "@eslint-community/eslint-utils" "^4.9.1"
    "@typescript-eslint/scope-manager" "8.57.0"
    "@typescript-eslint/types" "8.57.0"
    "@typescript-eslint/typescript-estree" "8.57.0"

"@typescript-eslint/visitor-keys@8.57.0":
  version "8.57.0"
  dependencies:
    "@typescript-eslint/types" "8.57.0"
    eslint-visitor-keys "^5.0.0"

"@webassemblyjs/ast@^1.14.1", "@webassemblyjs/ast@1.14.1":
  version "1.14.1"
  dependencies:
    "@webassemblyjs/helper-numbers" "1.13.2"
    "@webassemblyjs/helper-wasm-bytecode" "1.13.2"

"@webassemblyjs/floating-point-hex-parser@1.13.2":
  version "1.13.2"

"@webassemblyjs/helper-api-error@1.13.2":
  version "1.13.2"

"@webassemblyjs/helper-buffer@1.14.1":
  version "1.14.1"

"@webassemblyjs/helper-numbers@1.13.2":
  version "1.13.2"
  dependencies:
    "@webassemblyjs/floating-point-hex-parser" "1.13.2"
    "@webassemblyjs/helper-api-error" "1.13.2"
    "@xtuc/long" "4.2.2"

"@webassemblyjs/helper-wasm-bytecode@1.13.2":
  version "1.13.2"

"@webassemblyjs/helper-wasm-section@1.14.1":
  version "1.14.1"
  dependencies:
    "@webassemblyjs/ast" "1.14.1"
    "@webassemblyjs/helper-buffer" "1.14.1"
    "@webassemblyjs/helper-wasm-bytecode" "1.13.2"
    "@webassemblyjs/wasm-gen" "1.14.1"

"@webassemblyjs/ieee754@1.13.2":
  version "1.13.2"
  dependencies:
    "@xtuc/ieee754" "^1.2.0"

"@webassemblyjs/leb128@1.13.2":
  version "1.13.2"
  dependencies:
    "@xtuc/long" "4.2.2"

"@webassemblyjs/utf8@1.13.2":
  version "1.13.2"

"@webassemblyjs/wasm-edit@^1.14.1":
  version "1.14.1"
  dependencies:
    "@webassemblyjs/ast" "1.14.1"
    "@webassemblyjs/helper-buffer" "1.14.1"
    "@webassemblyjs/helper-wasm-bytecode" "1.13.2"
    "@webassemblyjs/helper-wasm-section" "1.14.1"
    "@webassemblyjs/wasm-gen" "1.14.1"
    "@webassemblyjs/wasm-opt" "1.14.1"
    "@webassemblyjs/wasm-parser" "1.14.1"
    "@webassemblyjs/wast-printer" "1.14.1"

"@webassemblyjs/wasm-gen@1.14.1":
  version "1.14.1"
  dependencies:
    "@webassemblyjs/ast" "1.14.1"
    "@webassemblyjs/helper-wasm-bytecode" "1.13.2"
    "@webassemblyjs/ieee754" "1.13.2"
    "@webassemblyjs/leb128" "1.13.2"
    "@webassemblyjs/utf8" "1.13.2"

"@webassemblyjs/wasm-opt@1.14.1":
  version "1.14.1"
  dependencies:
    "@webassemblyjs/ast" "1.14.1"
    "@webassemblyjs/helper-buffer" "1.14.1"
    "@webassemblyjs/wasm-gen" "1.14.1"
    "@webassemblyjs/wasm-parser" "1.14.1"

"@webassemblyjs/wasm-parser@^1.14.1", "@webassemblyjs/wasm-parser@1.14.1":
  version "1.14.1"
  dependencies:
    "@webassemblyjs/ast" "1.14.1"
    "@webassemblyjs/helper-api-error" "1.13.2"
    "@webassemblyjs/helper-wasm-bytecode" "1.13.2"
    "@webassemblyjs/ieee754" "1.13.2"
    "@webassemblyjs/leb128" "1.13.2"
    "@webassemblyjs/utf8" "1.13.2"

"@webassemblyjs/wast-printer@1.14.1":
  version "1.14.1"
  dependencies:
    "@webassemblyjs/ast" "1.14.1"
    "@xtuc/long" "4.2.2"

"@webpack-cli/configtest@^3.0.1":
  version "3.0.1"

"@webpack-cli/info@^3.0.1":
  version "3.0.1"

"@webpack-cli/serve@^3.0.1":
  version "3.0.1"

"@xtuc/ieee754@^1.2.0":
  version "1.2.0"

"@xtuc/long@4.2.2":
  version "4.2.2"

acorn-import-phases@^1.0.3:
  version "1.0.4"

acorn-jsx@^5.3.2:
  version "5.3.2"

"acorn@^6.0.0 || ^7.0.0 || ^8.0.0", acorn@^8.14.0, acorn@^8.15.0, acorn@^8.16.0:
  version "8.16.0"

ajv-formats@^2.1.1:
  version "2.1.1"
  dependencies:
    ajv "^8.0.0"

ajv-keywords@^5.1.0:
  version "5.1.0"
  dependencies:
    fast-deep-equal "^3.1.3"

ajv@^6.14.0:
  version "6.14.0"
  dependencies:
    fast-deep-equal "^3.1.1"
    fast-json-stable-stringify "^2.0.0"
    json-schema-traverse "^0.4.1"
    uri-js "^4.2.2"

ajv@^8.0.0, ajv@^8.17.1, ajv@^8.8.2, ajv@^8.9.0:
  version "8.18.0"
  dependencies:
    fast-deep-equal "^3.1.3"
    fast-uri "^3.0.1"
    json-schema-traverse "^1.0.0"
    require-from-string "^2.0.2"

ansi-escapes@^7.0.0:
  version "7.3.0"
  dependencies:
    environment "^1.0.0"

ansi-regex@^6.2.2:
  version "6.2.2"

ansi-styles@^4.1.0:
  version "4.3.0"
  dependencies:
    color-convert "^2.0.1"

ansi-styles@^6.2.1, ansi-styles@^6.2.3:
  version "6.2.3"

argparse@^2.0.1:
  version "2.0.1"

author-regex@^1.0.0:
  version "1.0.0"

balanced-match@^1.0.0:
  version "1.0.2"

balanced-match@^4.0.2:
  version "4.0.4"

baseline-browser-mapping@^2.9.0:
  version "2.10.8"

brace-expansion@^1.1.7:
  version "1.1.12"
  dependencies:
    balanced-match "^1.0.0"
    concat-map "0.0.1"

brace-expansion@^5.0.2:
  version "5.0.4"
  dependencies:
    balanced-match "^4.0.2"

browserslist@^4.28.1, "browserslist@>= 4.21.0":
  version "4.28.1"
  dependencies:
    baseline-browser-mapping "^2.9.0"
    caniuse-lite "^1.0.30001759"
    electron-to-chromium "^1.5.263"
    node-releases "^2.0.27"
    update-browserslist-db "^1.2.0"

buffer-from@^1.0.0:
  version "1.1.2"

callsites@^3.0.0:
  version "3.1.0"

caniuse-lite@^1.0.30001759:
  version "1.0.30001778"

chalk@^4.0.0:
  version "4.1.2"
  dependencies:
    ansi-styles "^4.1.0"
    supports-color "^7.1.0"

chownr@^3.0.0:
  version "3.0.0"

chrome-trace-event@^1.0.2:
  version "1.0.4"

cli-cursor@^5.0.0:
  version "5.0.0"
  dependencies:
    restore-cursor "^5.0.0"

cli-truncate@^5.0.0:
  version "5.2.0"
  dependencies:
    slice-ansi "^8.0.0"
    string-width "^8.2.0"

clone-deep@^4.0.1:
  version "4.0.1"
  dependencies:
    is-plain-object "^2.0.4"
    kind-of "^6.0.2"
    shallow-clone "^3.0.0"

color-convert@^2.0.1:
  version "2.0.1"
  dependencies:
    color-name "~1.1.4"

color-name@~1.1.4:
  version "1.1.4"

colord@^2.9.3:
  version "2.9.3"

colorette@^2.0.14, colorette@^2.0.20:
  version "2.0.20"

commander@^12.1.0:
  version "12.1.0"

commander@^14.0.3:
  version "14.0.3"

commander@^2.20.0:
  version "2.20.3"

concat-map@0.0.1:
  version "0.0.1"

cross-spawn@^7.0.3, cross-spawn@^7.0.6:
  version "7.0.6"
  dependencies:
    path-key "^3.1.0"
    shebang-command "^2.0.0"
    which "^2.0.1"

debug@^4.3.1, debug@^4.3.2, debug@^4.3.3, debug@^4.4.3:
  version "4.4.3"
  dependencies:
    ms "^2.1.3"

debug@4.3.4:
  version "4.3.4"
  dependencies:
    ms "2.1.2"

deep-is@^0.1.3:
  version "0.1.4"

ejson@^2.2.3:
  version "2.2.3"

electron-to-chromium@^1.5.263:
  version "1.5.313"

emoji-regex@^10.3.0:
  version "10.6.0"

enhanced-resolve@^5.17.1, enhanced-resolve@^5.20.0:
  version "5.20.0"
  dependencies:
    graceful-fs "^4.2.4"
    tapable "^2.3.0"

envinfo@^7.14.0:
  version "7.21.0"

environment@^1.0.0:
  version "1.1.0"

es-module-lexer@^2.0.0:
  version "2.0.0"

escalade@^3.2.0:
  version "3.2.0"

escape-string-regexp@^4.0.0:
  version "4.0.0"

eslint-compat-utils@^0.5.1:
  version "0.5.1"
  dependencies:
    semver "^7.5.4"

eslint-config-prettier@^10.1.8, "eslint-config-prettier@>= 7.0.0 <10.0.0 || >=10.1.0":
  version "10.1.8"

eslint-plugin-es-x@^7.8.0:
  version "7.8.0"
  dependencies:
    "@eslint-community/eslint-utils" "^4.1.2"
    "@eslint-community/regexpp" "^4.11.0"
    eslint-compat-utils "^0.5.1"

eslint-plugin-n@^17.24.0:
  version "17.24.0"
  dependencies:
    "@eslint-community/eslint-utils" "^4.5.0"
    enhanced-resolve "^5.17.1"
    eslint-plugin-es-x "^7.8.0"
    get-tsconfig "^4.8.1"
    globals "^15.11.0"
    globrex "^0.1.2"
    ignore "^5.3.2"
    semver "^7.6.3"
    ts-declaration-location "^1.0.6"

eslint-plugin-prettier@^5.5.5:
  version "5.5.5"
  dependencies:
    prettier-linter-helpers "^1.0.1"
    synckit "^0.11.12"

eslint-scope@^8.4.0:
  version "8.4.0"
  dependencies:
    esrecurse "^4.3.0"
    estraverse "^5.2.0"

eslint-scope@5.1.1:
  version "5.1.1"
  dependencies:
    esrecurse "^4.3.0"
    estraverse "^4.1.1"

eslint-visitor-keys@^3.4.3:
  version "3.4.3"

eslint-visitor-keys@^4.2.1:
  version "4.2.1"

eslint-visitor-keys@^5.0.0:
  version "5.0.1"

"eslint@^6.0.0 || ^7.0.0 || >=8.0.0", "eslint@^8.57.0 || ^9.0.0 || ^10.0.0", eslint@^9.36.0, eslint@^9.39.2, eslint@>=6.0.0, eslint@>=7.0.0, eslint@>=8, eslint@>=8.0.0, eslint@>=8.23.0:
  version "9.39.4"
  dependencies:
    "@eslint-community/eslint-utils" "^4.8.0"
    "@eslint-community/regexpp" "^4.12.1"
    "@eslint/config-array" "^0.21.2"
    "@eslint/config-helpers" "^0.4.2"
    "@eslint/core" "^0.17.0"
    "@eslint/eslintrc" "^3.3.5"
    "@eslint/js" "9.39.4"
    "@eslint/plugin-kit" "^0.4.1"
    "@humanfs/node" "^0.16.6"
    "@humanwhocodes/module-importer" "^1.0.1"
    "@humanwhocodes/retry" "^0.4.2"
    "@types/estree" "^1.0.6"
    ajv "^6.14.0"
    chalk "^4.0.0"
    cross-spawn "^7.0.6"
    debug "^4.3.2"
    escape-string-regexp "^4.0.0"
    eslint-scope "^8.4.0"
    eslint-visitor-keys "^4.2.1"
    espree "^10.4.0"
    esquery "^1.5.0"
    esutils "^2.0.2"
    fast-deep-equal "^3.1.3"
    file-entry-cache "^8.0.0"
    find-up "^5.0.0"
    glob-parent "^6.0.2"
    ignore "^5.2.0"
    imurmurhash "^0.1.4"
    is-glob "^4.0.0"
    json-stable-stringify-without-jsonify "^1.0.1"
    lodash.merge "^4.6.2"
    minimatch "^3.1.5"
    natural-compare "^1.4.0"
    optionator "^0.9.3"

espree@^10.0.1, espree@^10.4.0:
  version "10.4.0"
  dependencies:
    acorn "^8.15.0"
    acorn-jsx "^5.3.2"
    eslint-visitor-keys "^4.2.1"

esquery@^1.5.0:
  version "1.7.0"
  dependencies:
    estraverse "^5.1.0"

esrecurse@^4.3.0:
  version "4.3.0"
  dependencies:
    estraverse "^5.2.0"

estraverse@^4.1.1:
  version "4.3.0"

estraverse@^5.1.0, estraverse@^5.2.0:
  version "5.3.0"

esutils@^2.0.2:
  version "2.0.3"

eventemitter3@^4.0.4:
  version "4.0.7"

eventemitter3@^5.0.1:
  version "5.0.4"

events@^3.2.0:
  version "3.3.0"

fast-deep-equal@^3.1.1, fast-deep-equal@^3.1.3:
  version "3.1.3"

fast-diff@^1.1.2:
  version "1.3.0"

fast-json-stable-stringify@^2.0.0:
  version "2.1.0"

fast-levenshtein@^2.0.6:
  version "2.0.6"

fast-uri@^3.0.1:
  version "3.1.0"

fastest-levenshtein@^1.0.12:
  version "1.0.16"

fdir@^6.5.0:
  version "6.5.0"

file-entry-cache@^8.0.0:
  version "8.0.0"
  dependencies:
    flat-cache "^4.0.0"

find-up@^4.0.0:
  version "4.1.0"
  dependencies:
    locate-path "^5.0.0"
    path-exists "^4.0.0"

find-up@^5.0.0:
  version "5.0.0"
  dependencies:
    locate-path "^6.0.0"
    path-exists "^4.0.0"

find-up@^7.0.0:
  version "7.0.0"
  dependencies:
    locate-path "^7.2.0"
    path-exists "^5.0.0"
    unicorn-magic "^0.1.0"

flat-cache@^4.0.0:
  version "4.0.1"
  dependencies:
    flatted "^3.2.9"
    keyv "^4.5.4"

flat@^5.0.2:
  version "5.0.2"

flatted@^3.2.9:
  version "3.4.1"

function-bind@^1.1.2:
  version "1.1.2"

get-east-asian-width@^1.0.0, get-east-asian-width@^1.3.1, get-east-asian-width@^1.5.0:
  version "1.5.0"

get-tsconfig@^4.8.1:
  version "4.13.6"
  dependencies:
    resolve-pkg-maps "^1.0.0"

glob-parent@^6.0.2:
  version "6.0.2"
  dependencies:
    is-glob "^4.0.3"

glob-to-regexp@^0.4.1:
  version "0.4.1"

glob@^13.0.3:
  version "13.0.6"
  dependencies:
    minimatch "^10.2.2"
    minipass "^7.1.3"
    path-scurry "^2.0.2"

globals@^14.0.0:
  version "14.0.0"

globals@^15.11.0:
  version "15.15.0"

globrex@^0.1.2:
  version "0.1.2"

graceful-fs@^4.1.2, graceful-fs@^4.2.11, graceful-fs@^4.2.4:
  version "4.2.11"

has-flag@^4.0.0:
  version "4.0.0"

hasown@^2.0.2:
  version "2.0.2"
  dependencies:
    function-bind "^1.1.2"

husky@^9.1.7:
  version "9.1.7"

ignore@^5.2.0, ignore@^5.3.2:
  version "5.3.2"

ignore@^7.0.5:
  version "7.0.5"

import-fresh@^3.2.1:
  version "3.3.1"
  dependencies:
    parent-module "^1.0.0"
    resolve-from "^4.0.0"

import-local@^3.0.2:
  version "3.2.0"
  dependencies:
    pkg-dir "^4.2.0"
    resolve-cwd "^3.0.0"

imurmurhash@^0.1.4:
  version "0.1.4"

interpret@^3.1.1:
  version "3.1.1"

is-core-module@^2.16.1:
  version "2.16.1"
  dependencies:
    hasown "^2.0.2"

is-extglob@^2.1.1:
  version "2.1.1"

is-fullwidth-code-point@^5.0.0, is-fullwidth-code-point@^5.1.0:
  version "5.1.0"
  dependencies:
    get-east-asian-width "^1.3.1"

is-glob@^4.0.0, is-glob@^4.0.3:
  version "4.0.3"
  dependencies:
    is-extglob "^2.1.1"

is-plain-object@^2.0.4:
  version "2.0.4"
  dependencies:
    isobject "^3.0.1"

isexe@^2.0.0:
  version "2.0.0"

isobject@^3.0.1:
  version "3.0.1"

jest-worker@^27.4.5:
  version "27.5.1"
  dependencies:
    "@types/node" "*"
    merge-stream "^2.0.0"
    supports-color "^8.0.0"

js-yaml@^4.1.1:
  version "4.1.1"
  dependencies:
    argparse "^2.0.1"

json-buffer@3.0.1:
  version "3.0.1"

json-parse-even-better-errors@^2.3.1:
  version "2.3.1"

json-schema-traverse@^0.4.1:
  version "0.4.1"

json-schema-traverse@^1.0.0:
  version "1.0.0"

json-stable-stringify-without-jsonify@^1.0.1:
  version "1.0.1"

keyv@^4.5.4:
  version "4.5.4"
  dependencies:
    json-buffer "3.0.1"

kind-of@^6.0.2:
  version "6.0.3"

levn@^0.4.1:
  version "0.4.1"
  dependencies:
    prelude-ls "^1.2.1"
    type-check "~0.4.0"

lint-staged@^16.2.7:
  version "16.4.0"
  dependencies:
    commander "^14.0.3"
    listr2 "^9.0.5"
    picomatch "^4.0.3"
    string-argv "^0.3.2"
    tinyexec "^1.0.4"
    yaml "^2.8.2"

listr2@^9.0.5:
  version "9.0.5"
  dependencies:
    cli-truncate "^5.0.0"
    colorette "^2.0.20"
    eventemitter3 "^5.0.1"
    log-update "^6.1.0"
    rfdc "^1.4.1"
    wrap-ansi "^9.0.0"

loader-runner@^4.3.1:
  version "4.3.1"

locate-path@^5.0.0:
  version "5.0.0"
  dependencies:
    p-locate "^4.1.0"

locate-path@^6.0.0:
  version "6.0.0"
  dependencies:
    p-locate "^5.0.0"

locate-path@^7.2.0:
  version "7.2.0"
  dependencies:
    p-locate "^6.0.0"

lodash.merge@^4.6.2:
  version "4.6.2"

log-update@^6.1.0:
  version "6.1.0"
  dependencies:
    ansi-escapes "^7.0.0"
    cli-cursor "^5.0.0"
    slice-ansi "^7.1.0"
    strip-ansi "^7.1.0"
    wrap-ansi "^9.0.0"

long@4.0.0:
  version "4.0.0"

lru-cache@^11.0.0:
  version "11.2.7"

merge-stream@^2.0.0:
  version "2.0.0"

mime-db@1.52.0:
  version "1.52.0"

mime-types@^2.1.27:
  version "2.1.35"
  dependencies:
    mime-db "1.52.0"

mimic-fn@^3.1.0:
  version "3.1.0"

mimic-function@^5.0.0:
  version "5.0.1"

minimatch@^10.2.2:
  version "10.2.4"
  dependencies:
    brace-expansion "^5.0.2"

minimatch@^3.1.5:
  version "3.1.5"
  dependencies:
    brace-expansion "^1.1.7"

minipass@^7.0.4, minipass@^7.1.2, minipass@^7.1.3:
  version "7.1.3"

minizlib@^3.1.0:
  version "3.1.0"
  dependencies:
    minipass "^7.1.2"

ms@^2.1.3:
  version "2.1.3"

ms@2.1.2:
  version "2.1.2"

nanoid@^3.3.11:
  version "3.3.11"

natural-compare@^1.4.0:
  version "1.4.0"

neo-async@^2.6.2:
  version "2.6.2"

node-addon-api@7.0.0:
  version "7.0.0"

node-gyp-build@4.6.0:
  version "4.6.0"

node-releases@^2.0.27:
  version "2.0.36"

onetime@^7.0.0:
  version "7.0.0"
  dependencies:
    mimic-function "^5.0.0"

optionator@^0.9.3:
  version "0.9.4"
  dependencies:
    deep-is "^0.1.3"
    fast-levenshtein "^2.0.6"
    levn "^0.4.1"
    prelude-ls "^1.2.1"
    type-check "^0.4.0"
    word-wrap "^1.2.5"

osc@^2.4.4:
  version "2.4.5"
  dependencies:
    long "4.0.0"
    slip "1.0.2"
    wolfy87-eventemitter "5.2.9"
    ws "8.18.0"
  optionalDependencies:
    serialport "12.0.0"

p-finally@^1.0.0:
  version "1.0.0"

p-limit@^2.2.0:
  version "2.3.0"
  dependencies:
    p-try "^2.0.0"

p-limit@^3.0.2:
  version "3.1.0"
  dependencies:
    yocto-queue "^0.1.0"

p-limit@^4.0.0:
  version "4.0.0"
  dependencies:
    yocto-queue "^1.0.0"

p-locate@^4.1.0:
  version "4.1.0"
  dependencies:
    p-limit "^2.2.0"

p-locate@^5.0.0:
  version "5.0.0"
  dependencies:
    p-limit "^3.0.2"

p-locate@^6.0.0:
  version "6.0.0"
  dependencies:
    p-limit "^4.0.0"

p-queue@^6.6.2:
  version "6.6.2"
  dependencies:
    eventemitter3 "^4.0.4"
    p-timeout "^3.2.0"

p-timeout@^3.2.0:
  version "3.2.0"
  dependencies:
    p-finally "^1.0.0"

p-timeout@^4.1.0:
  version "4.1.0"

p-try@^2.0.0:
  version "2.2.0"

package-json-from-dist@^1.0.1:
  version "1.0.1"

parent-module@^1.0.0:
  version "1.0.1"
  dependencies:
    callsites "^3.0.0"

parse-author@^2.0.0:
  version "2.0.0"
  dependencies:
    author-regex "^1.0.0"

path-exists@^4.0.0:
  version "4.0.0"

path-exists@^5.0.0:
  version "5.0.0"

path-key@^3.1.0:
  version "3.1.1"

path-parse@^1.0.7:
  version "1.0.7"

path-scurry@^2.0.2:
  version "2.0.2"
  dependencies:
    lru-cache "^11.0.0"
    minipass "^7.1.2"

picocolors@^1.1.1:
  version "1.1.1"

"picomatch@^3 || ^4", picomatch@^4.0.2, picomatch@^4.0.3:
  version "4.0.3"

pkg-dir@^4.2.0:
  version "4.2.0"
  dependencies:
    find-up "^4.0.0"

prelude-ls@^1.2.1:
  version "1.2.1"

prettier-linter-helpers@^1.0.1:
  version "1.0.1"
  dependencies:
    fast-diff "^1.1.2"

prettier@^3.6.2, prettier@^3.7.4, prettier@>=3.0.0:
  version "3.8.1"

punycode@^2.1.0:
  version "2.3.1"

rechoir@^0.8.0:
  version "0.8.0"
  dependencies:
    resolve "^1.20.0"

require-from-string@^2.0.2:
  version "2.0.2"

resolve-cwd@^3.0.0:
  version "3.0.0"
  dependencies:
    resolve-from "^5.0.0"

resolve-from@^4.0.0:
  version "4.0.0"

resolve-from@^5.0.0:
  version "5.0.0"

resolve-pkg-maps@^1.0.0:
  version "1.0.0"

resolve@^1.20.0:
  version "1.22.11"
  dependencies:
    is-core-module "^2.16.1"
    path-parse "^1.0.7"
    supports-preserve-symlinks-flag "^1.0.0"

restore-cursor@^5.0.0:
  version "5.1.0"
  dependencies:
    onetime "^7.0.0"
    signal-exit "^4.1.0"

rfdc@^1.4.1:
  version "1.4.1"

rimraf@^6.1.2:
  version "6.1.3"
  dependencies:
    glob "^13.0.3"
    package-json-from-dist "^1.0.1"

schema-utils@^4.3.0, schema-utils@^4.3.3:
  version "4.3.3"
  dependencies:
    "@types/json-schema" "^7.0.9"
    ajv "^8.9.0"
    ajv-formats "^2.1.1"
    ajv-keywords "^5.1.0"

semver@^7.5.4, semver@^7.6.3, semver@^7.7.3, semver@^7.7.4:
  version "7.7.4"

serialport@12.0.0:
  version "12.0.0"
  dependencies:
    "@serialport/binding-mock" "10.2.2"
    "@serialport/bindings-cpp" "12.0.1"
    "@serialport/parser-byte-length" "12.0.0"
    "@serialport/parser-cctalk" "12.0.0"
    "@serialport/parser-delimiter" "12.0.0"
    "@serialport/parser-inter-byte-timeout" "12.0.0"
    "@serialport/parser-packet-length" "12.0.0"
    "@serialport/parser-readline" "12.0.0"
    "@serialport/parser-ready" "12.0.0"
    "@serialport/parser-regex" "12.0.0"
    "@serialport/parser-slip-encoder" "12.0.0"
    "@serialport/parser-spacepacket" "12.0.0"
    "@serialport/stream" "12.0.0"
    debug "4.3.4"

shallow-clone@^3.0.0:
  version "3.0.1"
  dependencies:
    kind-of "^6.0.2"

shebang-command@^2.0.0:
  version "2.0.0"
  dependencies:
    shebang-regex "^3.0.0"

shebang-regex@^3.0.0:
  version "3.0.0"

signal-exit@^4.1.0:
  version "4.1.0"

slice-ansi@^7.1.0:
  version "7.1.2"
  dependencies:
    ansi-styles "^6.2.1"
    is-fullwidth-code-point "^5.0.0"

slice-ansi@^8.0.0:
  version "8.0.0"
  dependencies:
    ansi-styles "^6.2.3"
    is-fullwidth-code-point "^5.1.0"

slip@1.0.2:
  version "1.0.2"

source-map-support@~0.5.20:
  version "0.5.21"
  dependencies:
    buffer-from "^1.0.0"
    source-map "^0.6.0"

source-map@^0.6.0:
  version "0.6.1"

string-argv@^0.3.2:
  version "0.3.2"

string-width@^7.0.0:
  version "7.2.0"
  dependencies:
    emoji-regex "^10.3.0"
    get-east-asian-width "^1.0.0"
    strip-ansi "^7.1.0"

string-width@^8.2.0:
  version "8.2.0"
  dependencies:
    get-east-asian-width "^1.5.0"
    strip-ansi "^7.1.2"

strip-ansi@^7.1.0, strip-ansi@^7.1.2:
  version "7.2.0"
  dependencies:
    ansi-regex "^6.2.2"

strip-json-comments@^3.1.1:
  version "3.1.1"

supports-color@^7.1.0:
  version "7.2.0"
  dependencies:
    has-flag "^4.0.0"

supports-color@^8.0.0:
  version "8.1.1"
  dependencies:
    has-flag "^4.0.0"

supports-preserve-symlinks-flag@^1.0.0:
  version "1.0.0"

synckit@^0.11.12:
  version "0.11.12"
  dependencies:
    "@pkgr/core" "^0.2.9"

tapable@^2.3.0:
  version "2.3.0"

tar@^7.5.9:
  version "7.5.11"
  dependencies:
    "@isaacs/fs-minipass" "^4.0.0"
    chownr "^3.0.0"
    minipass "^7.1.2"
    minizlib "^3.1.0"
    yallist "^5.0.0"

terser-webpack-plugin@^5.3.17:
  version "5.4.0"
  dependencies:
    "@jridgewell/trace-mapping" "^0.3.25"
    jest-worker "^27.4.5"
    schema-utils "^4.3.0"
    terser "^5.31.1"

terser@^5.31.1:
  version "5.46.0"
  dependencies:
    "@jridgewell/source-map" "^0.3.3"
    acorn "^8.15.0"
    commander "^2.20.0"
    source-map-support "~0.5.20"

tinyexec@^1.0.4:
  version "1.0.4"

tinyglobby@^0.2.15:
  version "0.2.15"
  dependencies:
    fdir "^6.5.0"
    picomatch "^4.0.3"

ts-api-utils@^2.4.0:
  version "2.4.0"

ts-declaration-location@^1.0.6:
  version "1.0.7"
  dependencies:
    picomatch "^4.0.2"

tslib@^2.8.1:
  version "2.8.1"

type-check@^0.4.0, type-check@~0.4.0:
  version "0.4.0"
  dependencies:
    prelude-ls "^1.2.1"

typescript-eslint@^8.44.1, typescript-eslint@^8.51.0:
  version "8.57.0"
  dependencies:
    "@typescript-eslint/eslint-plugin" "8.57.0"
    "@typescript-eslint/parser" "8.57.0"
    "@typescript-eslint/typescript-estree" "8.57.0"
    "@typescript-eslint/utils" "8.57.0"

typescript@>=4.0.0, typescript@>=4.8.4, "typescript@>=4.8.4 <6.0.0", typescript@~5.9.3:
  version "5.9.3"

undici-types@~6.21.0:
  version "6.21.0"

undici-types@~7.18.0:
  version "7.18.2"

unicorn-magic@^0.1.0:
  version "0.1.0"

update-browserslist-db@^1.2.0:
  version "1.2.3"
  dependencies:
    escalade "^3.2.0"
    picocolors "^1.1.1"

uri-js@^4.2.2:
  version "4.4.1"
  dependencies:
    punycode "^2.1.0"

watchpack@^2.5.1:
  version "2.5.1"
  dependencies:
    glob-to-regexp "^0.4.1"
    graceful-fs "^4.1.2"

webpack-cli@^6.0.1, webpack-cli@6.x.x:
  version "6.0.1"
  dependencies:
    "@discoveryjs/json-ext" "^0.6.1"
    "@webpack-cli/configtest" "^3.0.1"
    "@webpack-cli/info" "^3.0.1"
    "@webpack-cli/serve" "^3.0.1"
    colorette "^2.0.14"
    commander "^12.1.0"
    cross-spawn "^7.0.3"
    envinfo "^7.14.0"
    fastest-levenshtein "^1.0.12"
    import-local "^3.0.2"
    interpret "^3.1.1"
    rechoir "^0.8.0"
    webpack-merge "^6.0.1"

webpack-merge@^6.0.1:
  version "6.0.1"
  dependencies:
    clone-deep "^4.0.1"
    flat "^5.0.2"
    wildcard "^2.0.1"

webpack-sources@^3.3.4:
  version "3.3.4"

webpack@^5.1.0, webpack@^5.105.2, webpack@^5.82.0:
  version "5.105.4"
  dependencies:
    "@types/eslint-scope" "^3.7.7"
    "@types/estree" "^1.0.8"
    "@types/json-schema" "^7.0.15"
    "@webassemblyjs/ast" "^1.14.1"
    "@webassemblyjs/wasm-edit" "^1.14.1"
    "@webassemblyjs/wasm-parser" "^1.14.1"
    acorn "^8.16.0"
    acorn-import-phases "^1.0.3"
    browserslist "^4.28.1"
    chrome-trace-event "^1.0.2"
    enhanced-resolve "^5.20.0"
    es-module-lexer "^2.0.0"
    eslint-scope "5.1.1"
    events "^3.2.0"
    glob-to-regexp "^0.4.1"
    graceful-fs "^4.2.11"
    json-parse-even-better-errors "^2.3.1"
    loader-runner "^4.3.1"
    mime-types "^2.1.27"
    neo-async "^2.6.2"
    schema-utils "^4.3.3"
    tapable "^2.3.0"
    terser-webpack-plugin "^5.3.17"
    watchpack "^2.5.1"
    webpack-sources "^3.3.4"

which@^2.0.1:
  version "2.0.2"
  dependencies:
    isexe "^2.0.0"

wildcard@^2.0.1:
  version "2.0.1"

wolfy87-eventemitter@5.2.9:
  version "5.2.9"

word-wrap@^1.2.5:
  version "1.2.5"

wrap-ansi@^9.0.0:
  version "9.0.2"
  dependencies:
    ansi-styles "^6.2.1"
    string-width "^7.0.0"
    strip-ansi "^7.1.0"

ws@8.18.0:
  version "8.18.0"

yallist@^5.0.0:
  version "5.0.0"

yaml@^2.8.2:
  version "2.8.2"

yocto-queue@^0.1.0:
  version "0.1.0"

yocto-queue@^1.0.0:
  version "1.2.2"

zx@^8.8.5:
  version "8.8.5"
